
Microsoft Visual Studio Solution File, Format Version 12.00
# Visual Studio Version 17
VisualStudioVersion = 17.1.32421.90
MinimumVisualStudioVersion = 10.0.40219.1
Project("{FAE04EC0-301F-11D3-BF4B-00C04F79EFBC}") = "GuardNull", "GuardNull\GuardNull.csproj", "{564CBF3E-615F-4D40-B46E-F4425E0BF192}"
EndProject
Project("{FAE04EC0-301F-11D3-BF4B-00C04F79EFBC}") = "GuardNullTests", "GuardNullTests\GuardNullTests.csproj", "{E5E67694-DB86-4281-9E47-5ACCB4BCA915}"
EndProject
Global
	GlobalSection(SolutionConfigurationPlatforms) = preSolution
		Debug|Any CPU = Debug|Any CPU
		Release|Any CPU = Release|Any CPU
	EndGlobalSection
	GlobalSection(ProjectConfigurationPlatforms) = postSolution
		{564CBF3E-615F-4D40-B46E-F4425E0BF192}.Debug|Any CPU.ActiveCfg = Debug|Any CPU
		{564CBF3E-615F-4D40-B46E-F4425E0BF192}.Debug|Any CPU.Build.0 = Debug|Any CPU
		{564CBF3E-615F-4D40-B46E-F4425E0BF192}.Release|Any CPU.ActiveCfg = Release|Any CPU
		{564CBF3E-615F-4D40-B46E-F4425E0BF192}.Release|Any CPU.Build.0 = Release|Any CPU
		{E5E67694-DB86-4281-9E47-5ACCB4BCA915}.Debug|Any CPU.ActiveCfg = Debug|Any CPU
		{E5E67694-DB86-4281-9E47-5ACCB4BCA915}.Debug|Any CPU.Build.0 = Debug|Any CPU
		{E5E67694-DB86-4281-9E47-5ACCB4BCA915}.Release|Any CPU.ActiveCfg = Release|Any CPU
		{E5E67694-DB86-4281-9E47-5ACCB4BCA915}.Release|Any CPU.Build.0 = Release|Any CPU
	EndGlobalSection
	GlobalSection(SolutionProperties) = preSolution
		HideSolutionNode = FALSE
	EndGlobalSection
	GlobalSection(ExtensibilityGlobals) = postSolution
		SolutionGuid = {F88E63C6-1F31-4122-AFF9-D25024D33B0E}
	EndGlobalSection
EndGlobal
